
Microsoft Visual Studio Solution File, Format Version 12.00
# Visual Studio Version 16
VisualStudioVersion = 16.0.30517.126
MinimumVisualStudioVersion = 10.0.40219.1
Project("{FAE04EC0-301F-11D3-BF4B-00C04F79EFBC}") = "WebApplicationCRUD", "WebApplicationCRUD\WebApplicationCRUD.csproj", "{9E6F3E0D-17BF-40A6-B983-B8962CD74563}"
EndProject
Global
	GlobalSection(SolutionConfigurationPlatforms) = preSolution
		Debug|Any CPU = Debug|Any CPU
		Release|Any CPU = Release|Any CPU
	EndGlobalSection
	GlobalSection(ProjectConfigurationPlatforms) = postSolution
		{9E6F3E0D-17BF-40A6-B983-B8962CD74563}.Debug|Any CPU.ActiveCfg = Debug|Any CPU
		{9E6F3E0D-17BF-40A6-B983-B8962CD74563}.Debug|Any CPU.Build.0 = Debug|Any CPU
		{9E6F3E0D-17BF-40A6-B983-B8962CD74563}.Release|Any CPU.ActiveCfg = Release|Any CPU
		{9E6F3E0D-17BF-40A6-B983-B8962CD74563}.Release|Any CPU.Build.0 = Release|Any CPU
	EndGlobalSection
	GlobalSection(SolutionProperties) = preSolution
		HideSolutionNode = FALSE
	EndGlobalSection
	GlobalSection(ExtensibilityGlobals) = postSolution
		SolutionGuid = {4B4D6942-47A7-49A4-8E24-D92CF999A3C0}
	EndGlobalSection
EndGlobal
